
Microsoft Visual Studio Solution File, Format Version 12.00
# Visual Studio Version 17
VisualStudioVersion = 17.0.32112.339
MinimumVisualStudioVersion = 10.0.40219.1
Project("{FAE04EC0-301F-11D3-BF4B-00C04F79EFBC}") = "Example1", "Example1\Example1.csproj", "{4DD93C5E-88E6-4F52-965F-C7794E6A39F7}"
EndProject
Global
	GlobalSection(SolutionConfigurationPlatforms) = preSolution
		Debug|Any CPU = Debug|Any CPU
		Release|Any CPU = Release|Any CPU
	EndGlobalSection
	GlobalSection(ProjectConfigurationPlatforms) = postSolution
		{4DD93C5E-88E6-4F52-965F-C7794E6A39F7}.Debug|Any CPU.ActiveCfg = Debug|Any CPU
		{4DD93C5E-88E6-4F52-965F-C7794E6A39F7}.Debug|Any CPU.Build.0 = Debug|Any CPU
		{4DD93C5E-88E6-4F52-965F-C7794E6A39F7}.Release|Any CPU.ActiveCfg = Release|Any CPU
		{4DD93C5E-88E6-4F52-965F-C7794E6A39F7}.Release|Any CPU.Build.0 = Release|Any CPU
	EndGlobalSection
	GlobalSection(SolutionProperties) = preSolution
		HideSolutionNode = FALSE
	EndGlobalSection
	GlobalSection(ExtensibilityGlobals) = postSolution
		SolutionGuid = {4F233321-BB7B-4061-BCE2-C17E7E2DB7E2}
	EndGlobalSection
EndGlobal
